
Microsoft Visual Studio Solution File, Format Version 12.00
# Visual Studio Version 17
VisualStudioVersion = 17.9.34728.123
MinimumVisualStudioVersion = 10.0.40219.1
Project("{2150E333-8FDC-42A3-9474-1A3956D46DE8}") = "BuildingBlocks", "BuildingBlocks", "{2304E27F-53E6-448A-9718-4B69F85098D1}"
EndProject
Project("{2150E333-8FDC-42A3-9474-1A3956D46DE8}") = "Services", "Services", "{AA536865-202F-4BB8-8682-9192A29472C7}"
EndProject
Project("{2150E333-8FDC-42A3-9474-1A3956D46DE8}") = "Web", "Web", "{F71F7B9E-EC12-4E76-B41C-6E4B1A3BEBB6}"
EndProject
Project("{2150E333-8FDC-42A3-9474-1A3956D46DE8}") = "Commercial", "Commercial", "{502C7926-DF90-4C63-B1A2-3C23A130C188}"
EndProject
Project("{2150E333-8FDC-42A3-9474-1A3956D46DE8}") = "Web.Spa", "Web.Spa", "{A60CDC7A-5E60-41D5-92A8-C61064C112ED}"
EndProject
Project("{54A90642-561A-4BB1-A94E-469ADEE60C69}") = "Web.Spa", "src\Web\Web.Spa\Web.Spa.esproj", "{67D59323-1764-4942-BB7E-9EC45111CE7F}"
EndProject
Project("{9A19103F-16F7-4668-BE54-9A1E7A4F7556}") = "Commercial.API", "src\Services\Commercial\Commercial.API\Commercial.API.csproj", "{56CC8200-E1E1-4728-B1DF-6A592849D0FC}"
EndProject
Project("{9A19103F-16F7-4668-BE54-9A1E7A4F7556}") = "Commercial.Domain", "src\Services\Commercial\Commercial.Domain\Commercial.Domain.csproj", "{CA029F47-65B2-4D62-A54B-4AFF3969EEC7}"
EndProject
Project("{2150E333-8FDC-42A3-9474-1A3956D46DE8}") = "EventBus", "EventBus", "{5F6C516E-8426-4A95-BEF1-15791C06E94D}"
EndProject
Project("{9A19103F-16F7-4668-BE54-9A1E7A4F7556}") = "Commercial.Repository", "src\Services\Commercial\Commercial.Repository\Commercial.Repository.csproj", "{17E254B1-60D9-48CD-AE0B-34BAC0E282BA}"
EndProject
Project("{9A19103F-16F7-4668-BE54-9A1E7A4F7556}") = "Commercial.Infrastructure", "src\Services\Commercial\Commercial.Infrastructure\Commercial.Infrastructure.csproj", "{D719F5B0-D0BD-45EE-BEFC-3F11067E6C06}"
EndProject
Project("{2150E333-8FDC-42A3-9474-1A3956D46DE8}") = "Marketing", "Marketing", "{E29BEE35-E5BC-47ED-BE9A-5FABFDD547BC}"
EndProject
Project("{9A19103F-16F7-4668-BE54-9A1E7A4F7556}") = "Marketing.API", "src\Services\Marketing\Marketing.API\Marketing.API.csproj", "{AFEBDE02-CCA0-49FD-9D0A-CB1C1DD49EF3}"
EndProject
Project("{9A19103F-16F7-4668-BE54-9A1E7A4F7556}") = "Marketing.Infrastructure", "src\Services\Marketing\Marketing.Infrastructure\Marketing.Infrastructure.csproj", "{93467A69-00F9-4844-A8D1-83490864948D}"
EndProject
Project("{9A19103F-16F7-4668-BE54-9A1E7A4F7556}") = "Marketing.Repository", "src\Services\Marketing\Marketing.Repository\Marketing.Repository.csproj", "{3C0B7DE6-8785-4BED-806F-5B3C4E1627D8}"
EndProject
Project("{2150E333-8FDC-42A3-9474-1A3956D46DE8}") = "Sales", "Sales", "{35FE68BB-D70E-4021-8AAB-C02F0A6391AC}"
EndProject
Project("{9A19103F-16F7-4668-BE54-9A1E7A4F7556}") = "Sales.API", "src\Services\Sales\Sales.API\Sales.API.csproj", "{937FB986-0CBD-4F71-AE58-F42B147B7C19}"
EndProject
Project("{9A19103F-16F7-4668-BE54-9A1E7A4F7556}") = "Sales.Infrastructure", "src\Services\Sales\Sales.Infrastructure\Sales.Infrastructure.csproj", "{89A61C21-A335-49A8-9D3C-73E26F13F79F}"
EndProject
Project("{9A19103F-16F7-4668-BE54-9A1E7A4F7556}") = "Sales.Domain", "src\Services\Sales\Sales.Domain\Sales.Domain.csproj", "{5933FC5C-736B-457D-A3F2-DA8FA53EB117}"
EndProject
Project("{9A19103F-16F7-4668-BE54-9A1E7A4F7556}") = "Sales.Repository", "src\Services\Sales\Sales.Repository\Sales.Repository.csproj", "{174B2924-2DC7-420E-B5F8-00E07B18E9AD}"
EndProject
Project("{9A19103F-16F7-4668-BE54-9A1E7A4F7556}") = "Marketing.Domain", "src\Services\Marketing\Marketing.Domain\Marketing.Domain.csproj", "{B4BCCD85-9FD6-47C8-9354-A25C0ACFDBAC}"
EndProject
Project("{E53339B2-1760-4266-BCC7-CA923CBCF16C}") = "docker-compose", "docker-compose.dcproj", "{CCC0F3B8-17A3-4224-8902-37D14E480CA0}"
EndProject
Project("{2150E333-8FDC-42A3-9474-1A3956D46DE8}") = "ApiGateway", "ApiGateway", "{8B1A79FA-8689-43EB-ABDA-5F03AB786D9D}"
EndProject
Project("{FAE04EC0-301F-11D3-BF4B-00C04F79EFBC}") = "RTApiGateway", "src\BuildingBlocks\ApiGateway\RTApiGateway\RTApiGateway.csproj", "{81996E16-F086-4A85-A02B-D68820CF18F4}"
EndProject
Global
	GlobalSection(SolutionConfigurationPlatforms) = preSolution
		Debug|Any CPU = Debug|Any CPU
		Release|Any CPU = Release|Any CPU
	EndGlobalSection
	GlobalSection(ProjectConfigurationPlatforms) = postSolution
		{67D59323-1764-4942-BB7E-9EC45111CE7F}.Debug|Any CPU.ActiveCfg = Debug|Any CPU
		{67D59323-1764-4942-BB7E-9EC45111CE7F}.Debug|Any CPU.Build.0 = Debug|Any CPU
		{67D59323-1764-4942-BB7E-9EC45111CE7F}.Debug|Any CPU.Deploy.0 = Debug|Any CPU
		{67D59323-1764-4942-BB7E-9EC45111CE7F}.Release|Any CPU.ActiveCfg = Release|Any CPU
		{67D59323-1764-4942-BB7E-9EC45111CE7F}.Release|Any CPU.Build.0 = Release|Any CPU
		{67D59323-1764-4942-BB7E-9EC45111CE7F}.Release|Any CPU.Deploy.0 = Release|Any CPU
		{56CC8200-E1E1-4728-B1DF-6A592849D0FC}.Debug|Any CPU.ActiveCfg = Debug|Any CPU
		{56CC8200-E1E1-4728-B1DF-6A592849D0FC}.Debug|Any CPU.Build.0 = Debug|Any CPU
		{56CC8200-E1E1-4728-B1DF-6A592849D0FC}.Release|Any CPU.ActiveCfg = Release|Any CPU
		{56CC8200-E1E1-4728-B1DF-6A592849D0FC}.Release|Any CPU.Build.0 = Release|Any CPU
		{CA029F47-65B2-4D62-A54B-4AFF3969EEC7}.Debug|Any CPU.ActiveCfg = Debug|Any CPU
		{CA029F47-65B2-4D62-A54B-4AFF3969EEC7}.Debug|Any CPU.Build.0 = Debug|Any CPU
		{CA029F47-65B2-4D62-A54B-4AFF3969EEC7}.Release|Any CPU.ActiveCfg = Release|Any CPU
		{CA029F47-65B2-4D62-A54B-4AFF3969EEC7}.Release|Any CPU.Build.0 = Release|Any CPU
		{17E254B1-60D9-48CD-AE0B-34BAC0E282BA}.Debug|Any CPU.ActiveCfg = Debug|Any CPU
		{17E254B1-60D9-48CD-AE0B-34BAC0E282BA}.Debug|Any CPU.Build.0 = Debug|Any CPU
		{17E254B1-60D9-48CD-AE0B-34BAC0E282BA}.Release|Any CPU.ActiveCfg = Release|Any CPU
		{17E254B1-60D9-48CD-AE0B-34BAC0E282BA}.Release|Any CPU.Build.0 = Release|Any CPU
		{D719F5B0-D0BD-45EE-BEFC-3F11067E6C06}.Debug|Any CPU.ActiveCfg = Debug|Any CPU
		{D719F5B0-D0BD-45EE-BEFC-3F11067E6C06}.Debug|Any CPU.Build.0 = Debug|Any CPU
		{D719F5B0-D0BD-45EE-BEFC-3F11067E6C06}.Release|Any CPU.ActiveCfg = Release|Any CPU
		{D719F5B0-D0BD-45EE-BEFC-3F11067E6C06}.Release|Any CPU.Build.0 = Release|Any CPU
		{AFEBDE02-CCA0-49FD-9D0A-CB1C1DD49EF3}.Debug|Any CPU.ActiveCfg = Debug|Any CPU
		{AFEBDE02-CCA0-49FD-9D0A-CB1C1DD49EF3}.Debug|Any CPU.Build.0 = Debug|Any CPU
		{AFEBDE02-CCA0-49FD-9D0A-CB1C1DD49EF3}.Release|Any CPU.ActiveCfg = Release|Any CPU
		{AFEBDE02-CCA0-49FD-9D0A-CB1C1DD49EF3}.Release|Any CPU.Build.0 = Release|Any CPU
		{93467A69-00F9-4844-A8D1-83490864948D}.Debug|Any CPU.ActiveCfg = Debug|Any CPU
		{93467A69-00F9-4844-A8D1-83490864948D}.Debug|Any CPU.Build.0 = Debug|Any CPU
		{93467A69-00F9-4844-A8D1-83490864948D}.Release|Any CPU.ActiveCfg = Release|Any CPU
		{93467A69-00F9-4844-A8D1-83490864948D}.Release|Any CPU.Build.0 = Release|Any CPU
		{3C0B7DE6-8785-4BED-806F-5B3C4E1627D8}.Debug|Any CPU.ActiveCfg = Debug|Any CPU
		{3C0B7DE6-8785-4BED-806F-5B3C4E1627D8}.Debug|Any CPU.Build.0 = Debug|Any CPU
		{3C0B7DE6-8785-4BED-806F-5B3C4E1627D8}.Release|Any CPU.ActiveCfg = Release|Any CPU
		{3C0B7DE6-8785-4BED-806F-5B3C4E1627D8}.Release|Any CPU.Build.0 = Release|Any CPU
		{937FB986-0CBD-4F71-AE58-F42B147B7C19}.Debug|Any CPU.ActiveCfg = Debug|Any CPU
		{937FB986-0CBD-4F71-AE58-F42B147B7C19}.Debug|Any CPU.Build.0 = Debug|Any CPU
		{937FB986-0CBD-4F71-AE58-F42B147B7C19}.Release|Any CPU.ActiveCfg = Release|Any CPU
		{937FB986-0CBD-4F71-AE58-F42B147B7C19}.Release|Any CPU.Build.0 = Release|Any CPU
		{89A61C21-A335-49A8-9D3C-73E26F13F79F}.Debug|Any CPU.ActiveCfg = Debug|Any CPU
		{89A61C21-A335-49A8-9D3C-73E26F13F79F}.Debug|Any CPU.Build.0 = Debug|Any CPU
		{89A61C21-A335-49A8-9D3C-73E26F13F79F}.Release|Any CPU.ActiveCfg = Release|Any CPU
		{89A61C21-A335-49A8-9D3C-73E26F13F79F}.Release|Any CPU.Build.0 = Release|Any CPU
		{5933FC5C-736B-457D-A3F2-DA8FA53EB117}.Debug|Any CPU.ActiveCfg = Debug|Any CPU
		{5933FC5C-736B-457D-A3F2-DA8FA53EB117}.Debug|Any CPU.Build.0 = Debug|Any CPU
		{5933FC5C-736B-457D-A3F2-DA8FA53EB117}.Release|Any CPU.ActiveCfg = Release|Any CPU
		{5933FC5C-736B-457D-A3F2-DA8FA53EB117}.Release|Any CPU.Build.0 = Release|Any CPU
		{174B2924-2DC7-420E-B5F8-00E07B18E9AD}.Debug|Any CPU.ActiveCfg = Debug|Any CPU
		{174B2924-2DC7-420E-B5F8-00E07B18E9AD}.Debug|Any CPU.Build.0 = Debug|Any CPU
		{174B2924-2DC7-420E-B5F8-00E07B18E9AD}.Release|Any CPU.ActiveCfg = Release|Any CPU
		{174B2924-2DC7-420E-B5F8-00E07B18E9AD}.Release|Any CPU.Build.0 = Release|Any CPU
		{B4BCCD85-9FD6-47C8-9354-A25C0ACFDBAC}.Debug|Any CPU.ActiveCfg = Debug|Any CPU
		{B4BCCD85-9FD6-47C8-9354-A25C0ACFDBAC}.Debug|Any CPU.Build.0 = Debug|Any CPU
		{B4BCCD85-9FD6-47C8-9354-A25C0ACFDBAC}.Release|Any CPU.ActiveCfg = Release|Any CPU
		{B4BCCD85-9FD6-47C8-9354-A25C0ACFDBAC}.Release|Any CPU.Build.0 = Release|Any CPU
		{CCC0F3B8-17A3-4224-8902-37D14E480CA0}.Debug|Any CPU.ActiveCfg = Debug|Any CPU
		{CCC0F3B8-17A3-4224-8902-37D14E480CA0}.Debug|Any CPU.Build.0 = Debug|Any CPU
		{CCC0F3B8-17A3-4224-8902-37D14E480CA0}.Release|Any CPU.ActiveCfg = Release|Any CPU
		{CCC0F3B8-17A3-4224-8902-37D14E480CA0}.Release|Any CPU.Build.0 = Release|Any CPU
		{81996E16-F086-4A85-A02B-D68820CF18F4}.Debug|Any CPU.ActiveCfg = Debug|Any CPU
		{81996E16-F086-4A85-A02B-D68820CF18F4}.Debug|Any CPU.Build.0 = Debug|Any CPU
		{81996E16-F086-4A85-A02B-D68820CF18F4}.Release|Any CPU.ActiveCfg = Release|Any CPU
		{81996E16-F086-4A85-A02B-D68820CF18F4}.Release|Any CPU.Build.0 = Release|Any CPU
	EndGlobalSection
	GlobalSection(SolutionProperties) = preSolution
		HideSolutionNode = FALSE
	EndGlobalSection
	GlobalSection(NestedProjects) = preSolution
		{502C7926-DF90-4C63-B1A2-3C23A130C188} = {AA536865-202F-4BB8-8682-9192A29472C7}
		{A60CDC7A-5E60-41D5-92A8-C61064C112ED} = {F71F7B9E-EC12-4E76-B41C-6E4B1A3BEBB6}
		{67D59323-1764-4942-BB7E-9EC45111CE7F} = {A60CDC7A-5E60-41D5-92A8-C61064C112ED}
		{56CC8200-E1E1-4728-B1DF-6A592849D0FC} = {502C7926-DF90-4C63-B1A2-3C23A130C188}
		{CA029F47-65B2-4D62-A54B-4AFF3969EEC7} = {502C7926-DF90-4C63-B1A2-3C23A130C188}
		{5F6C516E-8426-4A95-BEF1-15791C06E94D} = {2304E27F-53E6-448A-9718-4B69F85098D1}
		{17E254B1-60D9-48CD-AE0B-34BAC0E282BA} = {502C7926-DF90-4C63-B1A2-3C23A130C188}
		{D719F5B0-D0BD-45EE-BEFC-3F11067E6C06} = {502C7926-DF90-4C63-B1A2-3C23A130C188}
		{E29BEE35-E5BC-47ED-BE9A-5FABFDD547BC} = {AA536865-202F-4BB8-8682-9192A29472C7}
		{AFEBDE02-CCA0-49FD-9D0A-CB1C1DD49EF3} = {E29BEE35-E5BC-47ED-BE9A-5FABFDD547BC}
		{93467A69-00F9-4844-A8D1-83490864948D} = {E29BEE35-E5BC-47ED-BE9A-5FABFDD547BC}
		{3C0B7DE6-8785-4BED-806F-5B3C4E1627D8} = {E29BEE35-E5BC-47ED-BE9A-5FABFDD547BC}
		{35FE68BB-D70E-4021-8AAB-C02F0A6391AC} = {AA536865-202F-4BB8-8682-9192A29472C7}
		{937FB986-0CBD-4F71-AE58-F42B147B7C19} = {35FE68BB-D70E-4021-8AAB-C02F0A6391AC}
		{89A61C21-A335-49A8-9D3C-73E26F13F79F} = {35FE68BB-D70E-4021-8AAB-C02F0A6391AC}
		{5933FC5C-736B-457D-A3F2-DA8FA53EB117} = {35FE68BB-D70E-4021-8AAB-C02F0A6391AC}
		{174B2924-2DC7-420E-B5F8-00E07B18E9AD} = {35FE68BB-D70E-4021-8AAB-C02F0A6391AC}
		{B4BCCD85-9FD6-47C8-9354-A25C0ACFDBAC} = {E29BEE35-E5BC-47ED-BE9A-5FABFDD547BC}
		{8B1A79FA-8689-43EB-ABDA-5F03AB786D9D} = {2304E27F-53E6-448A-9718-4B69F85098D1}
		{81996E16-F086-4A85-A02B-D68820CF18F4} = {8B1A79FA-8689-43EB-ABDA-5F03AB786D9D}
	EndGlobalSection
	GlobalSection(ExtensibilityGlobals) = postSolution
		SolutionGuid = {955B89B4-9B94-4AAB-A331-9888F7C54C8C}
	EndGlobalSection
EndGlobal
