
Microsoft Visual Studio Solution File, Format Version 12.00
# Visual Studio Version 17
VisualStudioVersion = 17.9.34728.123
MinimumVisualStudioVersion = 10.0.40219.1
Project("{9A19103F-16F7-4668-BE54-9A1E7A4F7556}") = "Commercial.API", "Commercial.API.csproj", "{5696D98D-0492-4BF9-BBD2-17DC79764BF5}"
EndProject
Global
	GlobalSection(SolutionConfigurationPlatforms) = preSolution
		Debug|Any CPU = Debug|Any CPU
		Release|Any CPU = Release|Any CPU
	EndGlobalSection
	GlobalSection(ProjectConfigurationPlatforms) = postSolution
		{5696D98D-0492-4BF9-BBD2-17DC79764BF5}.Debug|Any CPU.ActiveCfg = Debug|Any CPU
		{5696D98D-0492-4BF9-BBD2-17DC79764BF5}.Debug|Any CPU.Build.0 = Debug|Any CPU
		{5696D98D-0492-4BF9-BBD2-17DC79764BF5}.Release|Any CPU.ActiveCfg = Release|Any CPU
		{5696D98D-0492-4BF9-BBD2-17DC79764BF5}.Release|Any CPU.Build.0 = Release|Any CPU
	EndGlobalSection
	GlobalSection(SolutionProperties) = preSolution
		HideSolutionNode = FALSE
	EndGlobalSection
	GlobalSection(ExtensibilityGlobals) = postSolution
		SolutionGuid = {E16A72B1-ED89-4102-BB32-8B04F09CB9C0}
	EndGlobalSection
EndGlobal
